
Microsoft Visual Studio Solution File, Format Version 12.00
Project("{FAE04EC0-301F-11D3-BF4B-00C04F79EFBC}") = "OrderFullfillment", "OrderFullfillment.csproj", "{FEA2A0F2-E651-4798-A4CC-04088605C5D7}"
EndProject
Project("{FAE04EC0-301F-11D3-BF4B-00C04F79EFBC}") = "OrderFullfillment.API", "OrderFullfillment.API\OrderFullfillment.API.csproj", "{D79B8D65-DCFF-4D40-BAAB-F68D40CFDF3E}"
EndProject
Project("{FAE04EC0-301F-11D3-BF4B-00C04F79EFBC}") = "OrderFullfillment.Entity", "OrderFullfillment.Entity\OrderFullfillment.Entity.csproj", "{819C3DCD-13A0-4777-9619-794023ED44BB}"
EndProject
Project("{FAE04EC0-301F-11D3-BF4B-00C04F79EFBC}") = "OrderFullfillment.Application", "OrderFullfillment.Application\OrderFullfillment.Application.csproj", "{B56B1ABA-DBA7-4A88-AB9D-62A32856BA14}"
EndProject
Project("{FAE04EC0-301F-11D3-BF4B-00C04F79EFBC}") = "OrderFullfillment.Infrastructure", "OrderFullfillment.Infrastructure\OrderFullfillment.Infrastructure.csproj", "{7782462F-2325-484F-948A-D1E6C0AAF4E3}"
EndProject
Global
	GlobalSection(SolutionConfigurationPlatforms) = preSolution
		Debug|Any CPU = Debug|Any CPU
		Release|Any CPU = Release|Any CPU
	EndGlobalSection
	GlobalSection(ProjectConfigurationPlatforms) = postSolution
		{FEA2A0F2-E651-4798-A4CC-04088605C5D7}.Debug|Any CPU.ActiveCfg = Debug|Any CPU
		{FEA2A0F2-E651-4798-A4CC-04088605C5D7}.Debug|Any CPU.Build.0 = Debug|Any CPU
		{FEA2A0F2-E651-4798-A4CC-04088605C5D7}.Release|Any CPU.ActiveCfg = Release|Any CPU
		{FEA2A0F2-E651-4798-A4CC-04088605C5D7}.Release|Any CPU.Build.0 = Release|Any CPU
		{D79B8D65-DCFF-4D40-BAAB-F68D40CFDF3E}.Debug|Any CPU.ActiveCfg = Debug|Any CPU
		{D79B8D65-DCFF-4D40-BAAB-F68D40CFDF3E}.Debug|Any CPU.Build.0 = Debug|Any CPU
		{D79B8D65-DCFF-4D40-BAAB-F68D40CFDF3E}.Release|Any CPU.ActiveCfg = Release|Any CPU
		{D79B8D65-DCFF-4D40-BAAB-F68D40CFDF3E}.Release|Any CPU.Build.0 = Release|Any CPU
		{819C3DCD-13A0-4777-9619-794023ED44BB}.Debug|Any CPU.ActiveCfg = Debug|Any CPU
		{819C3DCD-13A0-4777-9619-794023ED44BB}.Debug|Any CPU.Build.0 = Debug|Any CPU
		{819C3DCD-13A0-4777-9619-794023ED44BB}.Release|Any CPU.ActiveCfg = Release|Any CPU
		{819C3DCD-13A0-4777-9619-794023ED44BB}.Release|Any CPU.Build.0 = Release|Any CPU
		{B56B1ABA-DBA7-4A88-AB9D-62A32856BA14}.Debug|Any CPU.ActiveCfg = Debug|Any CPU
		{B56B1ABA-DBA7-4A88-AB9D-62A32856BA14}.Debug|Any CPU.Build.0 = Debug|Any CPU
		{B56B1ABA-DBA7-4A88-AB9D-62A32856BA14}.Release|Any CPU.ActiveCfg = Release|Any CPU
		{B56B1ABA-DBA7-4A88-AB9D-62A32856BA14}.Release|Any CPU.Build.0 = Release|Any CPU
		{7782462F-2325-484F-948A-D1E6C0AAF4E3}.Debug|Any CPU.ActiveCfg = Debug|Any CPU
		{7782462F-2325-484F-948A-D1E6C0AAF4E3}.Debug|Any CPU.Build.0 = Debug|Any CPU
		{7782462F-2325-484F-948A-D1E6C0AAF4E3}.Release|Any CPU.ActiveCfg = Release|Any CPU
		{7782462F-2325-484F-948A-D1E6C0AAF4E3}.Release|Any CPU.Build.0 = Release|Any CPU
	EndGlobalSection
	GlobalSection(NestedProjects) = preSolution
	EndGlobalSection
EndGlobal
